
Microsoft Visual Studio Solution File, Format Version 10.00
# Visual Web Developer Express 2008
Project("{FAE04EC0-301F-11D3-BF4B-00C04F79EFBC}") = "Atencion24WebServices", "Atencion24WebServices\Atencion24WebServices.csproj", "{E03EEA86-7DC8-41C7-B4E0-4517D7AD6DE3}"
EndProject
Global
	GlobalSection(SolutionConfigurationPlatforms) = preSolution
		Debug|Any CPU = Debug|Any CPU
		Release|Any CPU = Release|Any CPU
	EndGlobalSection
	GlobalSection(ProjectConfigurationPlatforms) = postSolution
		{E03EEA86-7DC8-41C7-B4E0-4517D7AD6DE3}.Debug|Any CPU.ActiveCfg = Debug|Any CPU
		{E03EEA86-7DC8-41C7-B4E0-4517D7AD6DE3}.Debug|Any CPU.Build.0 = Debug|Any CPU
		{E03EEA86-7DC8-41C7-B4E0-4517D7AD6DE3}.Release|Any CPU.ActiveCfg = Release|Any CPU
		{E03EEA86-7DC8-41C7-B4E0-4517D7AD6DE3}.Release|Any CPU.Build.0 = Release|Any CPU
	EndGlobalSection
	GlobalSection(SolutionProperties) = preSolution
		HideSolutionNode = FALSE
	EndGlobalSection
EndGlobal
